// !$*UTF8*$!
{
	archiveVersion = 1;
	classes = {
	};
	objectVersion = 46;
	objects = {

/* Begin PBXBuildFile section */
		960B214E1CEB3348001BEB51 /* LocationSearchTable.swift in Sources */ = {isa = PBXBuildFile; fileRef = 960B214D1CEB3348001BEB51 /* LocationSearchTable.swift */; };
		96275E5B1C92E5EF00E90E2E /* AppDelegate.swift in Sources */ = {isa = PBXBuildFile; fileRef = 96275E5A1C92E5EF00E90E2E /* AppDelegate.swift */; };
		96275E601C92E5EF00E90E2E /* Main.storyboard in Resources */ = {isa = PBXBuildFile; fileRef = 96275E5E1C92E5EF00E90E2E /* Main.storyboard */; };
		96275E621C92E5EF00E90E2E /* Assets.xcassets in Resources */ = {isa = PBXBuildFile; fileRef = 96275E611C92E5EF00E90E2E /* Assets.xcassets */; };
		96275E651C92E5EF00E90E2E /* LaunchScreen.storyboard in Resources */ = {isa = PBXBuildFile; fileRef = 96275E631C92E5EF00E90E2E /* LaunchScreen.storyboard */; };
		96275E6D1C92E96100E90E2E /* RestaurantTableViewController.swift in Sources */ = {isa = PBXBuildFile; fileRef = 96275E6C1C92E96100E90E2E /* RestaurantTableViewController.swift */; };
		96275E6F1C93099F00E90E2E /* RestaurantTableViewCell.swift in Sources */ = {isa = PBXBuildFile; fileRef = 96275E6E1C93099F00E90E2E /* RestaurantTableViewCell.swift */; };
		96275E711C93CE9100E90E2E /* Restaurant.swift in Sources */ = {isa = PBXBuildFile; fileRef = 96275E701C93CE9100E90E2E /* Restaurant.swift */; };
		963BC9351CD8E891002702A7 /* ChooseCategaryTableViewController.swift in Sources */ = {isa = PBXBuildFile; fileRef = 963BC9341CD8E891002702A7 /* ChooseCategaryTableViewController.swift */; };
		963BC9381CD8F27E002702A7 /* UpdateRestaurant.storyboard in Resources */ = {isa = PBXBuildFile; fileRef = 963BC9361CD8F27E002702A7 /* UpdateRestaurant.storyboard */; };
		9645B5951C9D0FAD00C94E35 /* EatLike.xcdatamodeld in Sources */ = {isa = PBXBuildFile; fileRef = 9645B5931C9D0FAD00C94E35 /* EatLike.xcdatamodeld */; };
		964B36091CE4A31A001A8CB2 /* Preview.plist in Resources */ = {isa = PBXBuildFile; fileRef = 964B36081CE4A31A001A8CB2 /* Preview.plist */; };
		964B360B1CE4A47C001A8CB2 /* ShopPinDetailView.xib in Resources */ = {isa = PBXBuildFile; fileRef = 964B360A1CE4A47C001A8CB2 /* ShopPinDetailView.xib */; };
		964B360D1CE4AB18001A8CB2 /* MapPinView.swift in Sources */ = {isa = PBXBuildFile; fileRef = 964B360C1CE4AB18001A8CB2 /* MapPinView.swift */; };
		964B36101CE6DDFF001A8CB2 /* PreviewCollectionViewController.swift in Sources */ = {isa = PBXBuildFile; fileRef = 964B360F1CE6DDFF001A8CB2 /* PreviewCollectionViewController.swift */; };
		966571641CD2EB120096EE01 /* CameraViewController.swift in Sources */ = {isa = PBXBuildFile; fileRef = 966571631CD2EB120096EE01 /* CameraViewController.swift */; };
		966571661CD2EB250096EE01 /* CapturePhotoViewController.swift in Sources */ = {isa = PBXBuildFile; fileRef = 966571651CD2EB250096EE01 /* CapturePhotoViewController.swift */; };
		9665716B1CD388E10096EE01 /* CustomMap.storyboard in Resources */ = {isa = PBXBuildFile; fileRef = 966571691CD388E10096EE01 /* CustomMap.storyboard */; };
		967430C51CCE66D100D206C9 /* StepsTableViewController.swift in Sources */ = {isa = PBXBuildFile; fileRef = 967430C41CCE66D100D206C9 /* StepsTableViewController.swift */; };
		968F2E9C1CD5BF280067D0C4 /* RemindTableViewController.swift in Sources */ = {isa = PBXBuildFile; fileRef = 968F2E9B1CD5BF280067D0C4 /* RemindTableViewController.swift */; };
		9692D2811CB8B765006D5CEF /* ExtensionFile.swift in Sources */ = {isa = PBXBuildFile; fileRef = 9692D2801CB8B765006D5CEF /* ExtensionFile.swift */; };
		969641E01C984832006B6A09 /* AddRestaurantTableViewController.swift in Sources */ = {isa = PBXBuildFile; fileRef = 969641DF1C984832006B6A09 /* AddRestaurantTableViewController.swift */; };
		969641E21C992ED3006B6A09 /* MapKit.framework in Frameworks */ = {isa = PBXBuildFile; fileRef = 969641E11C992ED3006B6A09 /* MapKit.framework */; };
		96A87F601C983667006BAA9C /* MapViewController.swift in Sources */ = {isa = PBXBuildFile; fileRef = 96A87F5F1C983667006BAA9C /* MapViewController.swift */; };
		96B027CB1D0145BF006DB0F0 /* DetailTableViewCell.swift in Sources */ = {isa = PBXBuildFile; fileRef = 96B027CA1D0145BF006DB0F0 /* DetailTableViewCell.swift */; };
		96B488AA1C941FDE00A6B008 /* RestaurantDetailViewController.swift in Sources */ = {isa = PBXBuildFile; fileRef = 96B488A91C941FDE00A6B008 /* RestaurantDetailViewController.swift */; };
		96B8A05D1CF17AAE00019BEC /* Localizable.strings in Resources */ = {isa = PBXBuildFile; fileRef = 96B8A05F1CF17AAE00019BEC /* Localizable.strings */; };
		96B8A0621CF17AAF00019BEC /* InfoPlist.strings in Resources */ = {isa = PBXBuildFile; fileRef = 96B8A0641CF17AAF00019BEC /* InfoPlist.strings */; };
		96B8A0681CF1B56C00019BEC /* CoreSpotlight.framework in Frameworks */ = {isa = PBXBuildFile; fileRef = 96B8A0671CF1B56C00019BEC /* CoreSpotlight.framework */; };
		96C800FF1CB281E6003BC85E /* DiscoverCollectionViewCell.swift in Sources */ = {isa = PBXBuildFile; fileRef = 96C800FE1CB281E6003BC85E /* DiscoverCollectionViewCell.swift */; };
		96C801011CB283F9003BC85E /* DiscoverViewController.swift in Sources */ = {isa = PBXBuildFile; fileRef = 96C801001CB283F9003BC85E /* DiscoverViewController.swift */; };
		96C801031CB2842F003BC85E /* DiscoverRestaurants.swift in Sources */ = {isa = PBXBuildFile; fileRef = 96C801021CB2842F003BC85E /* DiscoverRestaurants.swift */; };
		96C801071CB28B1C003BC85E /* Discover.storyboard in Resources */ = {isa = PBXBuildFile; fileRef = 96C801061CB28B1C003BC85E /* Discover.storyboard */; };
		96C99E761C95A6D80007849E /* ReviewViewController.swift in Sources */ = {isa = PBXBuildFile; fileRef = 96C99E751C95A6D80007849E /* ReviewViewController.swift */; };
		96E22EE41CDA240C00781CD0 /* ImageCache.swift in Sources */ = {isa = PBXBuildFile; fileRef = 96E22EE31CDA240C00781CD0 /* ImageCache.swift */; };
		96E23DBE1CBA189700B7EB7D /* FriendRestaurantViewController.swift in Sources */ = {isa = PBXBuildFile; fileRef = 96E23DBD1CBA189700B7EB7D /* FriendRestaurantViewController.swift */; };
		96E3CE6C1CEAD9220008822D /* ScaleSegue.swift in Sources */ = {isa = PBXBuildFile; fileRef = 96E3CE6B1CEAD9220008822D /* ScaleSegue.swift */; };
		96E3CE6E1CEAD9B10008822D /* DropSegue.swift in Sources */ = {isa = PBXBuildFile; fileRef = 96E3CE6D1CEAD9B10008822D /* DropSegue.swift */; };
		96E3CE701CEAD9B90008822D /* SwipeSegue.swift in Sources */ = {isa = PBXBuildFile; fileRef = 96E3CE6F1CEAD9B90008822D /* SwipeSegue.swift */; };
		96E3CE721CEADA810008822D /* FadeSegue.swift in Sources */ = {isa = PBXBuildFile; fileRef = 96E3CE711CEADA810008822D /* FadeSegue.swift */; };
		96E6E9091CA1912F00D33EB9 /* WalkthroughContentViewController.swift in Sources */ = {isa = PBXBuildFile; fileRef = 96E6E9081CA1912F00D33EB9 /* WalkthroughContentViewController.swift */; };
		96E6E90B1CA192A600D33EB9 /* WalkthroughPageViewController.swift in Sources */ = {isa = PBXBuildFile; fileRef = 96E6E90A1CA192A600D33EB9 /* WalkthroughPageViewController.swift */; };
		96E6E90F1CA278A900D33EB9 /* about.storyboard in Resources */ = {isa = PBXBuildFile; fileRef = 96E6E90D1CA278A900D33EB9 /* about.storyboard */; };
		96E6E9141CA2792500D33EB9 /* Favorites.storyboard in Resources */ = {isa = PBXBuildFile; fileRef = 96E6E9121CA2792500D33EB9 /* Favorites.storyboard */; };
		96F6DE5B1CFEA4A600A8C36C /* HudView.swift in Sources */ = {isa = PBXBuildFile; fileRef = 96F6DE5A1CFEA4A600A8C36C /* HudView.swift */; };
		96F7DD181CABA1D60042707E /* AboutTableViewController.swift in Sources */ = {isa = PBXBuildFile; fileRef = 96F7DD171CABA1D60042707E /* AboutTableViewController.swift */; };
		96F7DD1A1CABA7900042707E /* FeedbackWebViewController.swift in Sources */ = {isa = PBXBuildFile; fileRef = 96F7DD191CABA7900042707E /* FeedbackWebViewController.swift */; };
/* End PBXBuildFile section */

/* Begin PBXFileReference section */
		960B214D1CEB3348001BEB51 /* LocationSearchTable.swift */ = {isa = PBXFileReference; fileEncoding = 4; lastKnownFileType = sourcecode.swift; path = LocationSearchTable.swift; sourceTree = "<group>"; };
		96275E571C92E5EF00E90E2E /* EatLike.app */ = {isa = PBXFileReference; explicitFileType = wrapper.application; includeInIndex = 0; path = EatLike.app; sourceTree = BUILT_PRODUCTS_DIR; };
		96275E5A1C92E5EF00E90E2E /* AppDelegate.swift */ = {isa = PBXFileReference; lastKnownFileType = sourcecode.swift; path = AppDelegate.swift; sourceTree = "<group>"; };
		96275E5F1C92E5EF00E90E2E /* Base */ = {isa = PBXFileReference; lastKnownFileType = file.storyboard; name = Base; path = Base.lproj/Main.storyboard; sourceTree = "<group>"; };
		96275E611C92E5EF00E90E2E /* Assets.xcassets */ = {isa = PBXFileReference; lastKnownFileType = folder.assetcatalog; path = Assets.xcassets; sourceTree = "<group>"; };
		96275E641C92E5EF00E90E2E /* Base */ = {isa = PBXFileReference; lastKnownFileType = file.storyboard; name = Base; path = Base.lproj/LaunchScreen.storyboard; sourceTree = "<group>"; };
		96275E661C92E5EF00E90E2E /* Info.plist */ = {isa = PBXFileReference; lastKnownFileType = text.plist.xml; path = Info.plist; sourceTree = "<group>"; };
		96275E6C1C92E96100E90E2E /* RestaurantTableViewController.swift */ = {isa = PBXFileReference; fileEncoding = 4; lastKnownFileType = sourcecode.swift; path = RestaurantTableViewController.swift; sourceTree = "<group>"; };
		96275E6E1C93099F00E90E2E /* RestaurantTableViewCell.swift */ = {isa = PBXFileReference; fileEncoding = 4; lastKnownFileType = sourcecode.swift; path = RestaurantTableViewCell.swift; sourceTree = "<group>"; };
		96275E701C93CE9100E90E2E /* Restaurant.swift */ = {isa = PBXFileReference; fileEncoding = 4; lastKnownFileType = sourcecode.swift; path = Restaurant.swift; sourceTree = "<group>"; };
		963BC9341CD8E891002702A7 /* ChooseCategaryTableViewController.swift */ = {isa = PBXFileReference; fileEncoding = 4; lastKnownFileType = sourcecode.swift; path = ChooseCategaryTableViewController.swift; sourceTree = "<group>"; };
		963BC9371CD8F27E002702A7 /* Base */ = {isa = PBXFileReference; lastKnownFileType = file.storyboard; name = Base; path = Base.lproj/UpdateRestaurant.storyboard; sourceTree = "<group>"; };
		9645B5941C9D0FAD00C94E35 /* EatLike.xcdatamodel */ = {isa = PBXFileReference; lastKnownFileType = wrapper.xcdatamodel; path = EatLike.xcdatamodel; sourceTree = "<group>"; };
		964B36081CE4A31A001A8CB2 /* Preview.plist */ = {isa = PBXFileReference; fileEncoding = 4; lastKnownFileType = text.plist.xml; path = Preview.plist; sourceTree = "<group>"; };
		964B360A1CE4A47C001A8CB2 /* ShopPinDetailView.xib */ = {isa = PBXFileReference; fileEncoding = 4; lastKnownFileType = file.xib; path = ShopPinDetailView.xib; sourceTree = "<group>"; };
		964B360C1CE4AB18001A8CB2 /* MapPinView.swift */ = {isa = PBXFileReference; fileEncoding = 4; lastKnownFileType = sourcecode.swift; path = MapPinView.swift; sourceTree = "<group>"; };
		964B360F1CE6DDFF001A8CB2 /* PreviewCollectionViewController.swift */ = {isa = PBXFileReference; fileEncoding = 4; lastKnownFileType = sourcecode.swift; path = PreviewCollectionViewController.swift; sourceTree = "<group>"; };
		966571631CD2EB120096EE01 /* CameraViewController.swift */ = {isa = PBXFileReference; fileEncoding = 4; lastKnownFileType = sourcecode.swift; path = CameraViewController.swift; sourceTree = "<group>"; };
		966571651CD2EB250096EE01 /* CapturePhotoViewController.swift */ = {isa = PBXFileReference; fileEncoding = 4; lastKnownFileType = sourcecode.swift; path = CapturePhotoViewController.swift; sourceTree = "<group>"; };
		9665716A1CD388E10096EE01 /* Base */ = {isa = PBXFileReference; lastKnownFileType = file.storyboard; name = Base; path = Base.lproj/CustomMap.storyboard; sourceTree = "<group>"; };
		967430C41CCE66D100D206C9 /* StepsTableViewController.swift */ = {isa = PBXFileReference; fileEncoding = 4; lastKnownFileType = sourcecode.swift; path = StepsTableViewController.swift; sourceTree = "<group>"; };
		968F2E9B1CD5BF280067D0C4 /* RemindTableViewController.swift */ = {isa = PBXFileReference; fileEncoding = 4; lastKnownFileType = sourcecode.swift; path = RemindTableViewController.swift; sourceTree = "<group>"; };
		9692D2801CB8B765006D5CEF /* ExtensionFile.swift */ = {isa = PBXFileReference; fileEncoding = 4; lastKnownFileType = sourcecode.swift; name = ExtensionFile.swift; path = EatLike/ExtensionFile.swift; sourceTree = "<group>"; };
		969641DF1C984832006B6A09 /* AddRestaurantTableViewController.swift */ = {isa = PBXFileReference; fileEncoding = 4; lastKnownFileType = sourcecode.swift; path = AddRestaurantTableViewController.swift; sourceTree = "<group>"; };
		969641E11C992ED3006B6A09 /* MapKit.framework */ = {isa = PBXFileReference; lastKnownFileType = wrapper.framework; name = MapKit.framework; path = System/Library/Frameworks/MapKit.framework; sourceTree = SDKROOT; };
		96A87F5F1C983667006BAA9C /* MapViewController.swift */ = {isa = PBXFileReference; fileEncoding = 4; lastKnownFileType = sourcecode.swift; path = MapViewController.swift; sourceTree = "<group>"; };
		96B027CA1D0145BF006DB0F0 /* DetailTableViewCell.swift */ = {isa = PBXFileReference; fileEncoding = 4; lastKnownFileType = sourcecode.swift; path = DetailTableViewCell.swift; sourceTree = "<group>"; };
		96B488A91C941FDE00A6B008 /* RestaurantDetailViewController.swift */ = {isa = PBXFileReference; fileEncoding = 4; lastKnownFileType = sourcecode.swift; lineEnding = 0; path = RestaurantDetailViewController.swift; sourceTree = "<group>"; usesTabs = 0; };
		96B8A0551CF15E3200019BEC /* zh-Hans */ = {isa = PBXFileReference; lastKnownFileType = text.plist.strings; name = "zh-Hans"; path = "zh-Hans.lproj/LaunchScreen.strings"; sourceTree = "<group>"; };
		96B8A0561CF15E3200019BEC /* zh-Hans */ = {isa = PBXFileReference; lastKnownFileType = text.plist.strings; name = "zh-Hans"; path = "zh-Hans.lproj/Main.strings"; sourceTree = "<group>"; };
		96B8A0571CF15E3200019BEC /* zh-Hans */ = {isa = PBXFileReference; lastKnownFileType = text.plist.strings; name = "zh-Hans"; path = "zh-Hans.lproj/Favorites.strings"; sourceTree = "<group>"; };
		96B8A0581CF15E3200019BEC /* zh-Hans */ = {isa = PBXFileReference; lastKnownFileType = text.plist.strings; name = "zh-Hans"; path = "zh-Hans.lproj/UpdateRestaurant.strings"; sourceTree = "<group>"; };
		96B8A0591CF15E3200019BEC /* zh-Hans */ = {isa = PBXFileReference; lastKnownFileType = text.plist.strings; name = "zh-Hans"; path = "zh-Hans.lproj/CustomMap.strings"; sourceTree = "<group>"; };
		96B8A05A1CF15E3200019BEC /* zh-Hans */ = {isa = PBXFileReference; lastKnownFileType = text.plist.strings; name = "zh-Hans"; path = "zh-Hans.lproj/about.strings"; sourceTree = "<group>"; };
		96B8A05E1CF17AAE00019BEC /* zh-Hans */ = {isa = PBXFileReference; lastKnownFileType = text.plist.strings; name = "zh-Hans"; path = "zh-Hans.lproj/Localizable.strings"; sourceTree = "<group>"; };
		96B8A0631CF17AAF00019BEC /* zh-Hans */ = {isa = PBXFileReference; lastKnownFileType = text.plist.strings; name = "zh-Hans"; path = "zh-Hans.lproj/InfoPlist.strings"; sourceTree = "<group>"; };
		96B8A0671CF1B56C00019BEC /* CoreSpotlight.framework */ = {isa = PBXFileReference; lastKnownFileType = wrapper.framework; name = CoreSpotlight.framework; path = System/Library/Frameworks/CoreSpotlight.framework; sourceTree = SDKROOT; };
		96C800FE1CB281E6003BC85E /* DiscoverCollectionViewCell.swift */ = {isa = PBXFileReference; fileEncoding = 4; lastKnownFileType = sourcecode.swift; path = DiscoverCollectionViewCell.swift; sourceTree = "<group>"; };
		96C801001CB283F9003BC85E /* DiscoverViewController.swift */ = {isa = PBXFileReference; fileEncoding = 4; lastKnownFileType = sourcecode.swift; path = DiscoverViewController.swift; sourceTree = "<group>"; };
		96C801021CB2842F003BC85E /* DiscoverRestaurants.swift */ = {isa = PBXFileReference; fileEncoding = 4; lastKnownFileType = sourcecode.swift; path = DiscoverRestaurants.swift; sourceTree = "<group>"; };
		96C801061CB28B1C003BC85E /* Discover.storyboard */ = {isa = PBXFileReference; fileEncoding = 4; lastKnownFileType = file.storyboard; path = Discover.storyboard; sourceTree = "<group>"; };
		96C99E751C95A6D80007849E /* ReviewViewController.swift */ = {isa = PBXFileReference; fileEncoding = 4; lastKnownFileType = sourcecode.swift; path = ReviewViewController.swift; sourceTree = "<group>"; };
		96E22EE31CDA240C00781CD0 /* ImageCache.swift */ = {isa = PBXFileReference; fileEncoding = 4; lastKnownFileType = sourcecode.swift; name = ImageCache.swift; path = EatLike/ImageCache.swift; sourceTree = "<group>"; };
		96E23DBD1CBA189700B7EB7D /* FriendRestaurantViewController.swift */ = {isa = PBXFileReference; fileEncoding = 4; lastKnownFileType = sourcecode.swift; path = FriendRestaurantViewController.swift; sourceTree = "<group>"; };
		96E3CE6B1CEAD9220008822D /* ScaleSegue.swift */ = {isa = PBXFileReference; fileEncoding = 4; lastKnownFileType = sourcecode.swift; path = ScaleSegue.swift; sourceTree = "<group>"; };
		96E3CE6D1CEAD9B10008822D /* DropSegue.swift */ = {isa = PBXFileReference; fileEncoding = 4; lastKnownFileType = sourcecode.swift; path = DropSegue.swift; sourceTree = "<group>"; };
		96E3CE6F1CEAD9B90008822D /* SwipeSegue.swift */ = {isa = PBXFileReference; fileEncoding = 4; lastKnownFileType = sourcecode.swift; path = SwipeSegue.swift; sourceTree = "<group>"; };
		96E3CE711CEADA810008822D /* FadeSegue.swift */ = {isa = PBXFileReference; fileEncoding = 4; lastKnownFileType = sourcecode.swift; path = FadeSegue.swift; sourceTree = "<group>"; };
		96E6E9081CA1912F00D33EB9 /* WalkthroughContentViewController.swift */ = {isa = PBXFileReference; fileEncoding = 4; lastKnownFileType = sourcecode.swift; path = WalkthroughContentViewController.swift; sourceTree = "<group>"; };
		96E6E90A1CA192A600D33EB9 /* WalkthroughPageViewController.swift */ = {isa = PBXFileReference; fileEncoding = 4; lastKnownFileType = sourcecode.swift; path = WalkthroughPageViewController.swift; sourceTree = "<group>"; };
		96E6E90E1CA278A900D33EB9 /* Base */ = {isa = PBXFileReference; lastKnownFileType = file.storyboard; name = Base; path = Base.lproj/about.storyboard; sourceTree = "<group>"; };
		96E6E9131CA2792500D33EB9 /* Base */ = {isa = PBXFileReference; lastKnownFileType = file.storyboard; name = Base; path = Base.lproj/Favorites.storyboard; sourceTree = "<group>"; };
		96F6DE5A1CFEA4A600A8C36C /* HudView.swift */ = {isa = PBXFileReference; fileEncoding = 4; lastKnownFileType = sourcecode.swift; path = HudView.swift; sourceTree = "<group>"; };
		96F7DD171CABA1D60042707E /* AboutTableViewController.swift */ = {isa = PBXFileReference; fileEncoding = 4; lastKnownFileType = sourcecode.swift; path = AboutTableViewController.swift; sourceTree = "<group>"; };
		96F7DD191CABA7900042707E /* FeedbackWebViewController.swift */ = {isa = PBXFileReference; fileEncoding = 4; lastKnownFileType = sourcecode.swift; path = FeedbackWebViewController.swift; sourceTree = "<group>"; };
/* End PBXFileReference section */

/* Begin PBXFrameworksBuildPhase section */
		96275E541C92E5EF00E90E2E /* Frameworks */ = {
			isa = PBXFrameworksBuildPhase;
			buildActionMask = 2147483647;
			files = (
				96B8A0681CF1B56C00019BEC /* CoreSpotlight.framework in Frameworks */,
				969641E21C992ED3006B6A09 /* MapKit.framework in Frameworks */,
			);
			runOnlyForDeploymentPostprocessing = 0;
		};
/* End PBXFrameworksBuildPhase section */

/* Begin PBXGroup section */
		960B214C1CEAE494001BEB51 /* Segue Class */ = {
			isa = PBXGroup;
			children = (
				96E3CE711CEADA810008822D /* FadeSegue.swift */,
				96E3CE6D1CEAD9B10008822D /* DropSegue.swift */,
				96E3CE6F1CEAD9B90008822D /* SwipeSegue.swift */,
				96E3CE6B1CEAD9220008822D /* ScaleSegue.swift */,
			);
			name = "Segue Class";
			sourceTree = "<group>";
		};
		96275E4E1C92E5EF00E90E2E = {
			isa = PBXGroup;
			children = (
				96B8A0671CF1B56C00019BEC /* CoreSpotlight.framework */,
				969641E11C992ED3006B6A09 /* MapKit.framework */,
				96275E581C92E5EF00E90E2E /* Products */,
				96B564461CC1D0A6008638BD /* Support Files */,
				96B564421CC1D019008638BD /* Storyboards */,
				96B564431CC1D041008638BD /* Eat Like */,
			);
			sourceTree = "<group>";
		};
		96275E581C92E5EF00E90E2E /* Products */ = {
			isa = PBXGroup;
			children = (
				96275E571C92E5EF00E90E2E /* EatLike.app */,
			);
			name = Products;
			sourceTree = "<group>";
		};
		96275E591C92E5EF00E90E2E /* FavoritesTab */ = {
			isa = PBXGroup;
			children = (
				966571681CD388A10096EE01 /* Custom Camera */,
				963BC9391CD8F3C0002702A7 /* UpdateRestaurant */,
				967430C61CCE66DC00D206C9 /* Map  */,
				964B360E1CE6DCDE001A8CB2 /* Core Pattern */,
			);
			name = FavoritesTab;
			path = EatLike;
			sourceTree = "<group>";
		};
		963BC9391CD8F3C0002702A7 /* UpdateRestaurant */ = {
			isa = PBXGroup;
			children = (
				968F2E9B1CD5BF280067D0C4 /* RemindTableViewController.swift */,
				963BC9341CD8E891002702A7 /* ChooseCategaryTableViewController.swift */,
				96F6DE5A1CFEA4A600A8C36C /* HudView.swift */,
				96B488A91C941FDE00A6B008 /* RestaurantDetailViewController.swift */,
				969641DF1C984832006B6A09 /* AddRestaurantTableViewController.swift */,
				964B360F1CE6DDFF001A8CB2 /* PreviewCollectionViewController.swift */,
			);
			name = UpdateRestaurant;
			sourceTree = "<group>";
		};
		964B360E1CE6DCDE001A8CB2 /* Core Pattern */ = {
			isa = PBXGroup;
			children = (
				96275E6C1C92E96100E90E2E /* RestaurantTableViewController.swift */,
<<<<<<< HEAD
=======
				96B488A91C941FDE00A6B008 /* RestaurantDetailViewController.swift */,
				96B027CA1D0145BF006DB0F0 /* DetailTableViewCell.swift */,
>>>>>>> master
				96275E6E1C93099F00E90E2E /* RestaurantTableViewCell.swift */,
				96C99E751C95A6D80007849E /* ReviewViewController.swift */,
				96275E701C93CE9100E90E2E /* Restaurant.swift */,
			);
			name = "Core Pattern";
			sourceTree = "<group>";
		};
		966571681CD388A10096EE01 /* Custom Camera */ = {
			isa = PBXGroup;
			children = (
				966571651CD2EB250096EE01 /* CapturePhotoViewController.swift */,
				966571631CD2EB120096EE01 /* CameraViewController.swift */,
			);
			name = "Custom Camera";
			sourceTree = "<group>";
		};
		967430C61CCE66DC00D206C9 /* Map  */ = {
			isa = PBXGroup;
			children = (
				964B360A1CE4A47C001A8CB2 /* ShopPinDetailView.xib */,
				960B214D1CEB3348001BEB51 /* LocationSearchTable.swift */,
				964B360C1CE4AB18001A8CB2 /* MapPinView.swift */,
				96A87F5F1C983667006BAA9C /* MapViewController.swift */,
				967430C41CCE66D100D206C9 /* StepsTableViewController.swift */,
			);
			name = "Map ";
			sourceTree = "<group>";
		};
		96B564421CC1D019008638BD /* Storyboards */ = {
			isa = PBXGroup;
			children = (
				960B214C1CEAE494001BEB51 /* Segue Class */,
				96275E5E1C92E5EF00E90E2E /* Main.storyboard */,
				96E6E9121CA2792500D33EB9 /* Favorites.storyboard */,
				963BC9361CD8F27E002702A7 /* UpdateRestaurant.storyboard */,
				966571691CD388E10096EE01 /* CustomMap.storyboard */,
				96E6E90D1CA278A900D33EB9 /* about.storyboard */,
				96C801061CB28B1C003BC85E /* Discover.storyboard */,
			);
			name = Storyboards;
			path = EatLike;
			sourceTree = "<group>";
		};
		96B564431CC1D041008638BD /* Eat Like */ = {
			isa = PBXGroup;
			children = (
				9692D2801CB8B765006D5CEF /* ExtensionFile.swift */,
				96E22EE31CDA240C00781CD0 /* ImageCache.swift */,
				96E6E90C1CA192B400D33EB9 /* Walkthrough */,
				96B564451CC1D070008638BD /* AboutTab */,
				96B564441CC1D050008638BD /* DiscoverTab */,
				96275E591C92E5EF00E90E2E /* FavoritesTab */,
			);
			name = "Eat Like";
			sourceTree = "<group>";
		};
		96B564441CC1D050008638BD /* DiscoverTab */ = {
			isa = PBXGroup;
			children = (
				96E23DBD1CBA189700B7EB7D /* FriendRestaurantViewController.swift */,
				96C801001CB283F9003BC85E /* DiscoverViewController.swift */,
				964B36081CE4A31A001A8CB2 /* Preview.plist */,
				96C801021CB2842F003BC85E /* DiscoverRestaurants.swift */,
				96C800FE1CB281E6003BC85E /* DiscoverCollectionViewCell.swift */,
			);
			name = DiscoverTab;
			path = EatLike;
			sourceTree = "<group>";
		};
		96B564451CC1D070008638BD /* AboutTab */ = {
			isa = PBXGroup;
			children = (
				96F7DD171CABA1D60042707E /* AboutTableViewController.swift */,
				96F7DD191CABA7900042707E /* FeedbackWebViewController.swift */,
			);
			name = AboutTab;
			path = EatLike;
			sourceTree = "<group>";
		};
		96B564461CC1D0A6008638BD /* Support Files */ = {
			isa = PBXGroup;
			children = (
				96B8A0641CF17AAF00019BEC /* InfoPlist.strings */,
				96B8A05F1CF17AAE00019BEC /* Localizable.strings */,
				96275E631C92E5EF00E90E2E /* LaunchScreen.storyboard */,
				96275E661C92E5EF00E90E2E /* Info.plist */,
				96275E5A1C92E5EF00E90E2E /* AppDelegate.swift */,
				96275E611C92E5EF00E90E2E /* Assets.xcassets */,
				9645B5931C9D0FAD00C94E35 /* EatLike.xcdatamodeld */,
			);
			name = "Support Files";
			path = EatLike;
			sourceTree = "<group>";
		};
		96E6E90C1CA192B400D33EB9 /* Walkthrough */ = {
			isa = PBXGroup;
			children = (
				96E6E9081CA1912F00D33EB9 /* WalkthroughContentViewController.swift */,
				96E6E90A1CA192A600D33EB9 /* WalkthroughPageViewController.swift */,
			);
			name = Walkthrough;
			path = EatLike;
			sourceTree = "<group>";
		};
/* End PBXGroup section */

/* Begin PBXNativeTarget section */
		96275E561C92E5EF00E90E2E /* EatLike */ = {
			isa = PBXNativeTarget;
			buildConfigurationList = 96275E691C92E5EF00E90E2E /* Build configuration list for PBXNativeTarget "EatLike" */;
			buildPhases = (
				96275E531C92E5EF00E90E2E /* Sources */,
				96275E541C92E5EF00E90E2E /* Frameworks */,
				96275E551C92E5EF00E90E2E /* Resources */,
			);
			buildRules = (
			);
			dependencies = (
			);
			name = EatLike;
			productName = EatLike;
			productReference = 96275E571C92E5EF00E90E2E /* EatLike.app */;
			productType = "com.apple.product-type.application";
		};
/* End PBXNativeTarget section */

/* Begin PBXProject section */
		96275E4F1C92E5EF00E90E2E /* Project object */ = {
			isa = PBXProject;
			attributes = {
				LastSwiftUpdateCheck = 0730;
				LastUpgradeCheck = 0730;
				ORGANIZATIONNAME = Queen;
				TargetAttributes = {
					96275E561C92E5EF00E90E2E = {
						CreatedOnToolsVersion = 7.3;
						DevelopmentTeam = QAWWZVREY3;
					};
				};
			};
			buildConfigurationList = 96275E521C92E5EF00E90E2E /* Build configuration list for PBXProject "EatLike" */;
			compatibilityVersion = "Xcode 3.2";
			developmentRegion = English;
			hasScannedForEncodings = 0;
			knownRegions = (
				en,
				Base,
			);
			mainGroup = 96275E4E1C92E5EF00E90E2E;
			productRefGroup = 96275E581C92E5EF00E90E2E /* Products */;
			projectDirPath = "";
			projectRoot = "";
			targets = (
				96275E561C92E5EF00E90E2E /* EatLike */,
			);
		};
/* End PBXProject section */

/* Begin PBXResourcesBuildPhase section */
		96275E551C92E5EF00E90E2E /* Resources */ = {
			isa = PBXResourcesBuildPhase;
			buildActionMask = 2147483647;
			files = (
				96275E651C92E5EF00E90E2E /* LaunchScreen.storyboard in Resources */,
				96B8A0621CF17AAF00019BEC /* InfoPlist.strings in Resources */,
				96275E621C92E5EF00E90E2E /* Assets.xcassets in Resources */,
				96B8A05D1CF17AAE00019BEC /* Localizable.strings in Resources */,
				964B36091CE4A31A001A8CB2 /* Preview.plist in Resources */,
				96E6E9141CA2792500D33EB9 /* Favorites.storyboard in Resources */,
				9665716B1CD388E10096EE01 /* CustomMap.storyboard in Resources */,
				96E6E90F1CA278A900D33EB9 /* about.storyboard in Resources */,
				96275E601C92E5EF00E90E2E /* Main.storyboard in Resources */,
				963BC9381CD8F27E002702A7 /* UpdateRestaurant.storyboard in Resources */,
				96C801071CB28B1C003BC85E /* Discover.storyboard in Resources */,
				964B360B1CE4A47C001A8CB2 /* ShopPinDetailView.xib in Resources */,
			);
			runOnlyForDeploymentPostprocessing = 0;
		};
/* End PBXResourcesBuildPhase section */

/* Begin PBXSourcesBuildPhase section */
		96275E531C92E5EF00E90E2E /* Sources */ = {
			isa = PBXSourcesBuildPhase;
			buildActionMask = 2147483647;
			files = (
				96E3CE721CEADA810008822D /* FadeSegue.swift in Sources */,
				964B36101CE6DDFF001A8CB2 /* PreviewCollectionViewController.swift in Sources */,
				96275E6D1C92E96100E90E2E /* RestaurantTableViewController.swift in Sources */,
				9645B5951C9D0FAD00C94E35 /* EatLike.xcdatamodeld in Sources */,
				96F6DE5B1CFEA4A600A8C36C /* HudView.swift in Sources */,
				96E6E9091CA1912F00D33EB9 /* WalkthroughContentViewController.swift in Sources */,
				9692D2811CB8B765006D5CEF /* ExtensionFile.swift in Sources */,
				969641E01C984832006B6A09 /* AddRestaurantTableViewController.swift in Sources */,
				96275E6F1C93099F00E90E2E /* RestaurantTableViewCell.swift in Sources */,
				967430C51CCE66D100D206C9 /* StepsTableViewController.swift in Sources */,
				96C801011CB283F9003BC85E /* DiscoverViewController.swift in Sources */,
				96C99E761C95A6D80007849E /* ReviewViewController.swift in Sources */,
				960B214E1CEB3348001BEB51 /* LocationSearchTable.swift in Sources */,
				96E22EE41CDA240C00781CD0 /* ImageCache.swift in Sources */,
				963BC9351CD8E891002702A7 /* ChooseCategaryTableViewController.swift in Sources */,
				96B488AA1C941FDE00A6B008 /* RestaurantDetailViewController.swift in Sources */,
				966571641CD2EB120096EE01 /* CameraViewController.swift in Sources */,
				96E23DBE1CBA189700B7EB7D /* FriendRestaurantViewController.swift in Sources */,
				96E3CE701CEAD9B90008822D /* SwipeSegue.swift in Sources */,
				96E3CE6C1CEAD9220008822D /* ScaleSegue.swift in Sources */,
				96C801031CB2842F003BC85E /* DiscoverRestaurants.swift in Sources */,
				96B027CB1D0145BF006DB0F0 /* DetailTableViewCell.swift in Sources */,
				96E6E90B1CA192A600D33EB9 /* WalkthroughPageViewController.swift in Sources */,
				964B360D1CE4AB18001A8CB2 /* MapPinView.swift in Sources */,
				968F2E9C1CD5BF280067D0C4 /* RemindTableViewController.swift in Sources */,
				96C800FF1CB281E6003BC85E /* DiscoverCollectionViewCell.swift in Sources */,
				96275E711C93CE9100E90E2E /* Restaurant.swift in Sources */,
				96F7DD181CABA1D60042707E /* AboutTableViewController.swift in Sources */,
				96E3CE6E1CEAD9B10008822D /* DropSegue.swift in Sources */,
				96F7DD1A1CABA7900042707E /* FeedbackWebViewController.swift in Sources */,
				96275E5B1C92E5EF00E90E2E /* AppDelegate.swift in Sources */,
				966571661CD2EB250096EE01 /* CapturePhotoViewController.swift in Sources */,
				96A87F601C983667006BAA9C /* MapViewController.swift in Sources */,
			);
			runOnlyForDeploymentPostprocessing = 0;
		};
/* End PBXSourcesBuildPhase section */

/* Begin PBXVariantGroup section */
		96275E5E1C92E5EF00E90E2E /* Main.storyboard */ = {
			isa = PBXVariantGroup;
			children = (
				96275E5F1C92E5EF00E90E2E /* Base */,
				96B8A0561CF15E3200019BEC /* zh-Hans */,
			);
			name = Main.storyboard;
			sourceTree = "<group>";
		};
		96275E631C92E5EF00E90E2E /* LaunchScreen.storyboard */ = {
			isa = PBXVariantGroup;
			children = (
				96275E641C92E5EF00E90E2E /* Base */,
				96B8A0551CF15E3200019BEC /* zh-Hans */,
			);
			name = LaunchScreen.storyboard;
			sourceTree = "<group>";
		};
		963BC9361CD8F27E002702A7 /* UpdateRestaurant.storyboard */ = {
			isa = PBXVariantGroup;
			children = (
				963BC9371CD8F27E002702A7 /* Base */,
				96B8A0581CF15E3200019BEC /* zh-Hans */,
			);
			name = UpdateRestaurant.storyboard;
			sourceTree = "<group>";
		};
		966571691CD388E10096EE01 /* CustomMap.storyboard */ = {
			isa = PBXVariantGroup;
			children = (
				9665716A1CD388E10096EE01 /* Base */,
				96B8A0591CF15E3200019BEC /* zh-Hans */,
			);
			name = CustomMap.storyboard;
			sourceTree = "<group>";
		};
		96B8A05F1CF17AAE00019BEC /* Localizable.strings */ = {
			isa = PBXVariantGroup;
			children = (
				96B8A05E1CF17AAE00019BEC /* zh-Hans */,
			);
			name = Localizable.strings;
			sourceTree = "<group>";
		};
		96B8A0641CF17AAF00019BEC /* InfoPlist.strings */ = {
			isa = PBXVariantGroup;
			children = (
				96B8A0631CF17AAF00019BEC /* zh-Hans */,
			);
			name = InfoPlist.strings;
			sourceTree = "<group>";
		};
		96E6E90D1CA278A900D33EB9 /* about.storyboard */ = {
			isa = PBXVariantGroup;
			children = (
				96E6E90E1CA278A900D33EB9 /* Base */,
				96B8A05A1CF15E3200019BEC /* zh-Hans */,
			);
			name = about.storyboard;
			sourceTree = "<group>";
		};
		96E6E9121CA2792500D33EB9 /* Favorites.storyboard */ = {
			isa = PBXVariantGroup;
			children = (
				96E6E9131CA2792500D33EB9 /* Base */,
				96B8A0571CF15E3200019BEC /* zh-Hans */,
			);
			name = Favorites.storyboard;
			sourceTree = "<group>";
		};
/* End PBXVariantGroup section */

/* Begin XCBuildConfiguration section */
		96275E671C92E5EF00E90E2E /* Debug */ = {
			isa = XCBuildConfiguration;
			buildSettings = {
				ALWAYS_SEARCH_USER_PATHS = NO;
				CLANG_ANALYZER_NONNULL = YES;
				CLANG_CXX_LANGUAGE_STANDARD = "gnu++0x";
				CLANG_CXX_LIBRARY = "libc++";
				CLANG_ENABLE_MODULES = YES;
				CLANG_ENABLE_OBJC_ARC = YES;
				CLANG_WARN_BOOL_CONVERSION = YES;
				CLANG_WARN_CONSTANT_CONVERSION = YES;
				CLANG_WARN_DIRECT_OBJC_ISA_USAGE = YES_ERROR;
				CLANG_WARN_EMPTY_BODY = YES;
				CLANG_WARN_ENUM_CONVERSION = YES;
				CLANG_WARN_INT_CONVERSION = YES;
				CLANG_WARN_OBJC_ROOT_CLASS = YES_ERROR;
				CLANG_WARN_UNREACHABLE_CODE = YES;
				CLANG_WARN__DUPLICATE_METHOD_MATCH = YES;
				"CODE_SIGN_IDENTITY[sdk=iphoneos*]" = "iPhone Developer";
				COPY_PHASE_STRIP = NO;
				DEBUG_INFORMATION_FORMAT = dwarf;
				ENABLE_STRICT_OBJC_MSGSEND = YES;
				ENABLE_TESTABILITY = YES;
				GCC_C_LANGUAGE_STANDARD = gnu99;
				GCC_DYNAMIC_NO_PIC = NO;
				GCC_NO_COMMON_BLOCKS = YES;
				GCC_OPTIMIZATION_LEVEL = 0;
				GCC_PREPROCESSOR_DEFINITIONS = (
					"DEBUG=1",
					"$(inherited)",
				);
				GCC_WARN_64_TO_32_BIT_CONVERSION = YES;
				GCC_WARN_ABOUT_RETURN_TYPE = YES_ERROR;
				GCC_WARN_UNDECLARED_SELECTOR = YES;
				GCC_WARN_UNINITIALIZED_AUTOS = YES_AGGRESSIVE;
				GCC_WARN_UNUSED_FUNCTION = YES;
				GCC_WARN_UNUSED_VARIABLE = YES;
				IPHONEOS_DEPLOYMENT_TARGET = 9.3;
				MTL_ENABLE_DEBUG_INFO = YES;
				ONLY_ACTIVE_ARCH = YES;
				SDKROOT = iphoneos;
				SWIFT_OPTIMIZATION_LEVEL = "-Onone";
			};
			name = Debug;
		};
		96275E681C92E5EF00E90E2E /* Release */ = {
			isa = XCBuildConfiguration;
			buildSettings = {
				ALWAYS_SEARCH_USER_PATHS = NO;
				CLANG_ANALYZER_NONNULL = YES;
				CLANG_CXX_LANGUAGE_STANDARD = "gnu++0x";
				CLANG_CXX_LIBRARY = "libc++";
				CLANG_ENABLE_MODULES = YES;
				CLANG_ENABLE_OBJC_ARC = YES;
				CLANG_WARN_BOOL_CONVERSION = YES;
				CLANG_WARN_CONSTANT_CONVERSION = YES;
				CLANG_WARN_DIRECT_OBJC_ISA_USAGE = YES_ERROR;
				CLANG_WARN_EMPTY_BODY = YES;
				CLANG_WARN_ENUM_CONVERSION = YES;
				CLANG_WARN_INT_CONVERSION = YES;
				CLANG_WARN_OBJC_ROOT_CLASS = YES_ERROR;
				CLANG_WARN_UNREACHABLE_CODE = YES;
				CLANG_WARN__DUPLICATE_METHOD_MATCH = YES;
				"CODE_SIGN_IDENTITY[sdk=iphoneos*]" = "iPhone Developer";
				COPY_PHASE_STRIP = NO;
				DEBUG_INFORMATION_FORMAT = "dwarf-with-dsym";
				ENABLE_NS_ASSERTIONS = NO;
				ENABLE_STRICT_OBJC_MSGSEND = YES;
				GCC_C_LANGUAGE_STANDARD = gnu99;
				GCC_NO_COMMON_BLOCKS = YES;
				GCC_WARN_64_TO_32_BIT_CONVERSION = YES;
				GCC_WARN_ABOUT_RETURN_TYPE = YES_ERROR;
				GCC_WARN_UNDECLARED_SELECTOR = YES;
				GCC_WARN_UNINITIALIZED_AUTOS = YES_AGGRESSIVE;
				GCC_WARN_UNUSED_FUNCTION = YES;
				GCC_WARN_UNUSED_VARIABLE = YES;
				IPHONEOS_DEPLOYMENT_TARGET = 9.3;
				MTL_ENABLE_DEBUG_INFO = NO;
				SDKROOT = iphoneos;
				VALIDATE_PRODUCT = YES;
			};
			name = Release;
		};
		96275E6A1C92E5EF00E90E2E /* Debug */ = {
			isa = XCBuildConfiguration;
			buildSettings = {
				CODE_SIGN_IDENTITY = "iPhone Developer";
				"CODE_SIGN_IDENTITY[sdk=iphoneos*]" = "iPhone Developer";
				INFOPLIST_FILE = EatLike/Info.plist;
				IPHONEOS_DEPLOYMENT_TARGET = 9.1;
				LD_RUNPATH_SEARCH_PATHS = "$(inherited) @executable_path/Frameworks";
				PRODUCT_BUNDLE_IDENTIFIER = com.Queen.jxau.EatLike;
				PRODUCT_NAME = "$(TARGET_NAME)";
				PROVISIONING_PROFILE = "";
				TARGETED_DEVICE_FAMILY = 1;
			};
			name = Debug;
		};
		96275E6B1C92E5EF00E90E2E /* Release */ = {
			isa = XCBuildConfiguration;
			buildSettings = {
				CODE_SIGN_IDENTITY = "iPhone Developer";
				"CODE_SIGN_IDENTITY[sdk=iphoneos*]" = "iPhone Developer";
				INFOPLIST_FILE = EatLike/Info.plist;
				IPHONEOS_DEPLOYMENT_TARGET = 9.1;
				LD_RUNPATH_SEARCH_PATHS = "$(inherited) @executable_path/Frameworks";
				PRODUCT_BUNDLE_IDENTIFIER = com.Queen.jxau.EatLike;
				PRODUCT_NAME = "$(TARGET_NAME)";
				PROVISIONING_PROFILE = "";
				TARGETED_DEVICE_FAMILY = 1;
			};
			name = Release;
		};
/* End XCBuildConfiguration section */

/* Begin XCConfigurationList section */
		96275E521C92E5EF00E90E2E /* Build configuration list for PBXProject "EatLike" */ = {
			isa = XCConfigurationList;
			buildConfigurations = (
				96275E671C92E5EF00E90E2E /* Debug */,
				96275E681C92E5EF00E90E2E /* Release */,
			);
			defaultConfigurationIsVisible = 0;
			defaultConfigurationName = Release;
		};
		96275E691C92E5EF00E90E2E /* Build configuration list for PBXNativeTarget "EatLike" */ = {
			isa = XCConfigurationList;
			buildConfigurations = (
				96275E6A1C92E5EF00E90E2E /* Debug */,
				96275E6B1C92E5EF00E90E2E /* Release */,
			);
			defaultConfigurationIsVisible = 0;
			defaultConfigurationName = Release;
		};
/* End XCConfigurationList section */

/* Begin XCVersionGroup section */
		9645B5931C9D0FAD00C94E35 /* EatLike.xcdatamodeld */ = {
			isa = XCVersionGroup;
			children = (
				9645B5941C9D0FAD00C94E35 /* EatLike.xcdatamodel */,
			);
			currentVersion = 9645B5941C9D0FAD00C94E35 /* EatLike.xcdatamodel */;
			path = EatLike.xcdatamodeld;
			sourceTree = "<group>";
			versionGroupType = wrapper.xcdatamodel;
		};
/* End XCVersionGroup section */
	};
	rootObject = 96275E4F1C92E5EF00E90E2E /* Project object */;
}
